PATH
  remote: .
  specs:
    sablon (0.4.3)
      nokogiri (>= 1.8.5)
      rubyzip (>= 2.3.0)

GEM
  remote: https://rubygems.org/
  specs:
    minitest (5.25.5)
    mutex_m (0.3.0)
    nokogiri (1.18.9-arm64-darwin)
      racc (~> 1.4)
    ostruct (0.6.3)
    racc (1.8.1)
    rake (13.3.0)
    rexml (3.4.1)
    rubyzip (3.2.2)
    xml-simple (1.1.9)
      rexml

PLATFORMS
  arm64-darwin

DEPENDENCIES
  bundler (>= 1.6)
  minitest (~> 5.4)
  mutex_m
  ostruct
  rake (~> 13.0)
  sablon!
  xml-simple

BUNDLED WITH
   2.4.15
